dependencies:
  '@types/cosmiconfig': 5.0.3
  '@types/node': 12.7.11
  '@types/which': 1.3.1
  cosmiconfig: 5.2.1
  which: 2.0.1
lockfileVersion: 5.1
packages:
  /@types/cosmiconfig/5.0.3:
    dependencies:
      '@types/node': 10.14.20
    dev: false
    resolution:
      integrity: sha512-HgTGG7X5y9pLl3pixeo2XtDEFD8rq2EuH+S4mK6teCnAwWMucQl6v1D43hI4Uw1VJh6nu59lxLkqXHRl4uwThA==
  /@types/node/10.14.20:
    dev: false
    resolution:
      integrity: sha512-An+MXSV8CGXz/BO9C1KKsoJ/8WDrvlNUaRMsm2h+IHZuSyQkM8U5bJJkb8ItLKA73VePG/nUK+t+EuW2IWuhsQ==
  /@types/node/12.7.11:
    dev: false
    resolution:
      integrity: sha512-Otxmr2rrZLKRYIybtdG/sgeO+tHY20GxeDjcGmUnmmlCWyEnv2a2x1ZXBo3BTec4OiTXMQCiazB8NMBf0iRlFw==
  /@types/which/1.3.1:
    dev: false
    resolution:
      integrity: sha512-ZrJDWpvg75LTGX4XwuneY9s6bF3OeZcGTpoGh3zDV9ytzcHMFsRrMIaLBRJZQMBoGyKs6unBQfVdrLZiYfb1zQ==
  /argparse/1.0.10:
    dependencies:
      sprintf-js: 1.0.3
    dev: false
    resolution:
      integrity: sha512-o5Roy6tNG4SL/FOkCAN6RzjiakZS25RLYFrcMttJqbdd8BWrnA+fGz57iN5Pb06pvBGvl5gQ0B48dJlslXvoTg==
  /caller-callsite/2.0.0:
    dependencies:
      callsites: 2.0.0
    dev: false
    engines:
      node: '>=4'
    resolution:
      integrity: sha1-hH4PzgoiN1CpoCfFSzNzGtMVQTQ=
  /caller-path/2.0.0:
    dependencies:
      caller-callsite: 2.0.0
    dev: false
    engines:
      node: '>=4'
    resolution:
      integrity: sha1-Ro+DBE42mrIBD6xfBs7uFbsssfQ=
  /callsites/2.0.0:
    dev: false
    engines:
      node: '>=4'
    resolution:
      integrity: sha1-BuuE8A7qQT2oav/vrL/7Ngk7PFA=
  /cosmiconfig/5.2.1:
    dependencies:
      import-fresh: 2.0.0
      is-directory: 0.3.1
      js-yaml: 3.13.1
      parse-json: 4.0.0
    dev: false
    engines:
      node: '>=4'
    resolution:
      integrity: sha512-H65gsXo1SKjf8zmrJ67eJk8aIRKV5ff2D4uKZIBZShbhGSpEmsQOPW/SKMKYhSTrqR7ufy6RP69rPogdaPh/kA==
  /error-ex/1.3.2:
    dependencies:
      is-arrayish: 0.2.1
    dev: false
    resolution:
      integrity: sha512-7dFHNmqeFSEt2ZBsCriorKnn3Z2pj+fd9kmI6QoWw4//DL+icEBfc0U7qJCisqrTsKTjw4fNFy2pW9OqStD84g==
  /esprima/4.0.1:
    dev: false
    engines:
      node: '>=4'
    hasBin: true
    resolution:
      integrity: sha512-eGuFFw7Upda+g4p+QHvnW0RyTX/SVeJBDM/gCtMARO0cLuT2HcEKnTPvhjV6aGeqrCB/sbNop0Kszm0jsaWU4A==
  /import-fresh/2.0.0:
    dependencies:
      caller-path: 2.0.0
      resolve-from: 3.0.0
    dev: false
    engines:
      node: '>=4'
    resolution:
      integrity: sha1-2BNVwVYS04bGH53dOSLUMEgipUY=
  /is-arrayish/0.2.1:
    dev: false
    resolution:
      integrity: sha1-d8mYQFJ6qOyxqLppe4BkWnqSap0=
  /is-directory/0.3.1:
    dev: false
    engines:
      node: '>=0.10.0'
    resolution:
      integrity: sha1-YTObbyR1/Hcv2cnYP1yFddwVSuE=
  /isexe/2.0.0:
    dev: false
    resolution:
      integrity: sha1-6PvzdNxVb/iUehDcsFctYz8s+hA=
  /js-yaml/3.13.1:
    dependencies:
      argparse: 1.0.10
      esprima: 4.0.1
    dev: false
    hasBin: true
    resolution:
      integrity: sha512-YfbcO7jXDdyj0DGxYVSlSeQNHbD7XPWvrVWeVUujrQEoZzWJIRrCPoyk6kL6IAjAG2IolMK4T0hNUe0HOUs5Jw==
  /json-parse-better-errors/1.0.2:
    dev: false
    resolution:
      integrity: sha512-mrqyZKfX5EhL7hvqcV6WG1yYjnjeuYDzDhhcAAUrq8Po85NBQBJP+ZDUT75qZQ98IkUoBqdkExkukOU7Ts2wrw==
  /parse-json/4.0.0:
    dependencies:
      error-ex: 1.3.2
      json-parse-better-errors: 1.0.2
    dev: false
    engines:
      node: '>=4'
    resolution:
      integrity: sha1-vjX1Qlvh9/bHRxhPmKeIy5lHfuA=
  /resolve-from/3.0.0:
    dev: false
    engines:
      node: '>=4'
    resolution:
      integrity: sha1-six699nWiBvItuZTM17rywoYh0g=
  /sprintf-js/1.0.3:
    dev: false
    resolution:
      integrity: sha1-BOaSb2YolTVPPdAVIDYzuFcpfiw=
  /which/2.0.1:
    dependencies:
      isexe: 2.0.0
    dev: false
    engines:
      node: '>= 8'
    hasBin: true
    resolution:
      integrity: sha512-N7GBZOTswtB9lkQBZA4+zAXrjEIWAUOB93AvzUiudRzRxhUdLURQ7D/gAIMY1gatT/LTbmbcv8SiYazy3eYB7w==
specifiers:
  '@types/cosmiconfig': ^5.0.3
  '@types/node': ^12.7.11
  '@types/which': ^1.3.1
  cosmiconfig: ^5.0.6
  which: ^2.0.0
